{
  "nodes": {
    "advisory-db": {
      "flake": false,
      "locked": {
        "lastModified": 1702652226,
        "narHash": "sha256-nBq7EmP7E42XRLkMArk4aSjoclBxFT2gxgLmS2xF1EY=",
        "owner": "rustsec",
        "repo": "advisory-db",
        "rev": "fd71859263a51bf69da4ad9f692d6ebfe7db525b",
        "type": "github"
      },
      "original": {
        "owner": "rustsec",
        "repo": "advisory-db",
        "type": "github"
      }
    },
    "backend": {
      "inputs": {
        "advisory-db": "advisory-db",
        "crane": "crane",
        "flake-utils": "flake-utils",
        "nixpkgs": [
          "nixpkgs"
        ]
      },
      "locked": {
        "lastModified": 1,
        "narHash": "sha256-Q7xrQPOI78qIcuh5f/bw7RpF51g9V/5f/tERAYf98Fg=",
        "path": "/nix/store/53q9szw9gh8abzyh3gzd97p8sazrv1nv-source/backend",
        "type": "path"
      },
      "original": {
        "path": "/nix/store/53q9szw9gh8abzyh3gzd97p8sazrv1nv-source/backend",
        "type": "path"
      }
    },
    "crane": {
      "inputs": {
        "nixpkgs": [
          "backend",
          "nixpkgs"
        ]
      },
      "locked": {
        "lastModified": 1702488130,
        "narHash": "sha256-Bz4KTuBARAQY8952CpmYVD9o/LoScYjdw8KrK2OjEoA=",
        "owner": "ipetkov",
        "repo": "crane",
        "rev": "33dbb6a8342e1cf6252c8976d02ff8a7632aa071",
        "type": "github"
      },
      "original": {
        "owner": "ipetkov",
        "repo": "crane",
        "type": "github"
      }
    },
    "disko": {
      "inputs": {
        "nixpkgs": [
          "nixpkgs"
        ]
      },
      "locked": {
        "lastModified": 1703532766,
        "narHash": "sha256-ojjW3cuNmqL5uqDWohwLoO8dYpheM5+AfgsNmGIMwG8=",
        "owner": "nix-community",
        "repo": "disko",
        "rev": "1b191113874dee97796749bb21eac3d84735c70a",
        "type": "github"
      },
      "original": {
        "owner": "nix-community",
        "repo": "disko",
        "type": "github"
      }
    },
    "flake-utils": {
      "inputs": {
        "systems": "systems"
      },
      "locked": {
        "lastModified": 1701680307,
        "narHash": "sha256-kAuep2h5ajznlPMD9rnQyffWG8EM/C73lejGofXvdM8=",
        "owner": "numtide",
        "repo": "flake-utils",
        "rev": "4022d587cbbfd70fe950c1e2083a02621806a725",
        "type": "github"
      },
      "original": {
        "owner": "numtide",
        "repo": "flake-utils",
        "type": "github"
      }
    },
    "flake-utils_2": {
      "inputs": {
        "systems": "systems_2"
      },
      "locked": {
        "lastModified": 1681037374,
        "narHash": "sha256-XL6X3VGbEFJZDUouv2xpKg2Aljzu/etPLv5e1FPt1q0=",
        "owner": "numtide",
        "repo": "flake-utils",
        "rev": "033b9f258ca96a10e543d4442071f614dc3f8412",
        "type": "github"
      },
      "original": {
        "owner": "numtide",
        "repo": "flake-utils",
        "type": "github"
      }
    },
    "nixpkgs": {
      "locked": {
        "lastModified": 1703499205,
        "narHash": "sha256-lF9rK5mSUfIZJgZxC3ge40tp1gmyyOXZ+lRY3P8bfbg=",
        "owner": "NixOS",
        "repo": "nixpkgs",
        "rev": "e1fa12d4f6c6fe19ccb59cac54b5b3f25e160870",
        "type": "github"
      },
      "original": {
        "owner": "NixOS",
        "ref": "nixpkgs-unstable",
        "repo": "nixpkgs",
        "type": "github"
      }
    },
    "root": {
      "inputs": {
        "backend": "backend",
        "disko": "disko",
        "nixpkgs": "nixpkgs",
        "static": "static"
      }
    },
    "static": {
      "inputs": {
        "flake-utils": "flake-utils_2",
        "nixpkgs": [
          "nixpkgs"
        ],
        "theme": "theme"
      },
      "locked": {
        "lastModified": 1,
        "narHash": "sha256-q1EqI8fSqsNhUTAXCHVGtz82QBhqMR5aocFh59269/U=",
        "path": "/nix/store/53q9szw9gh8abzyh3gzd97p8sazrv1nv-source/blog-static",
        "type": "path"
      },
      "original": {
        "path": "/nix/store/53q9szw9gh8abzyh3gzd97p8sazrv1nv-source/blog-static",
        "type": "path"
      }
    },
    "systems": {
      "locked": {
        "lastModified": 1681028828,
        "narHash": "sha256-Vy1rq5AaRuLzOxct8nz4T6wlgyUR7zLU309k9mBC768=",
        "owner": "nix-systems",
        "repo": "default",
        "rev": "da67096a3b9bf56a91d16901293e51ba5b49a27e",
        "type": "github"
      },
      "original": {
        "owner": "nix-systems",
        "repo": "default",
        "type": "github"
      }
    },
    "systems_2": {
      "locked": {
        "lastModified": 1681028828,
        "narHash": "sha256-Vy1rq5AaRuLzOxct8nz4T6wlgyUR7zLU309k9mBC768=",
        "owner": "nix-systems",
        "repo": "default",
        "rev": "da67096a3b9bf56a91d16901293e51ba5b49a27e",
        "type": "github"
      },
      "original": {
        "owner": "nix-systems",
        "repo": "default",
        "type": "github"
      }
    },
    "theme": {
      "flake": false,
      "locked": {
        "lastModified": 1681003331,
        "narHash": "sha256-SPYTWx9H0Y16ZEuoJcHXrq7Owe7QaR4/NmcOKx6kFYk=",
        "owner": "luizdepra",
        "repo": "hugo-coder",
        "rev": "d336b3cc3a65adafb5bcc436806fe22ce4117e94",
        "type": "github"
      },
      "original": {
        "owner": "luizdepra",
        "repo": "hugo-coder",
        "type": "github"
      }
    }
  },
  "root": "root",
  "version": 7
}
